PODS:
  - Flutter (1.0.0)
  - flutter_plugin1 (0.0.1):
    - Flutter
  - integration_test (0.0.1):
    - Flutter

DEPENDENCIES:
  - Flutter (from `Flutter`)
  - flutter_plugin1 (from `.symlinks/plugins/flutter_plugin1/ios`)
  - integration_test (from `.symlinks/plugins/integration_test/ios`)

EXTERNAL SOURCES:
  Flutter:
    :path: Flutter
  flutter_plugin1:
    :path: ".symlinks/plugins/flutter_plugin1/ios"
  integration_test:
    :path: ".symlinks/plugins/integration_test/ios"

SPEC CHECKSUMS:
  Flutter: 434fef37c0980e73bb6479ef766c45957d4b510c
  flutter_plugin1: 9ee796d0fc08966827c0c8692452431007afc8d9
  integration_test: 5ed24a436eb7ec17b6a13046e9bf7ca4a404e59e

PODFILE CHECKSUM: aafe91acc616949ddb318b77800a7f51bffa2a4c

COCOAPODS: 1.9.3
